// !$*UTF8*$!
{
	archiveVersion = 1;
	classes = {
	};
	objectVersion = 50;
	objects = {

/* Begin PBXBuildFile section */
		F39F28ED21613B54002E5ACE /* AppDelegate.swift in Sources */ = {isa = PBXBuildFile; fileRef = F39F28EC21613B54002E5ACE /* AppDelegate.swift */; };
		F39F28EF21613B54002E5ACE /* ViewController.swift in Sources */ = {isa = PBXBuildFile; fileRef = F39F28EE21613B54002E5ACE /* ViewController.swift */; };
		F39F28F221613B54002E5ACE /* Main.storyboard in Resources */ = {isa = PBXBuildFile; fileRef = F39F28F021613B54002E5ACE /* Main.storyboard */; };
		F39F28F421613B54002E5ACE /* Assets.xcassets in Resources */ = {isa = PBXBuildFile; fileRef = F39F28F321613B54002E5ACE /* Assets.xcassets */; };
		F39F28F721613B55002E5ACE /* LaunchScreen.storyboard in Resources */ = {isa = PBXBuildFile; fileRef = F39F28F521613B55002E5ACE /* LaunchScreen.storyboard */; };
		F39F290221613B55002E5ACE /* MoviesTests.swift in Sources */ = {isa = PBXBuildFile; fileRef = F39F290121613B55002E5ACE /* MoviesTests.swift */; };
		F39F290D21613B55002E5ACE /* MoviesUITests.swift in Sources */ = {isa = PBXBuildFile; fileRef = F39F290C21613B55002E5ACE /* MoviesUITests.swift */; };
/* End PBXBuildFile section */

/* Begin PBXContainerItemProxy section */
		F39F28FE21613B55002E5ACE /* PBXContainerItemProxy */ = {
			isa = PBXContainerItemProxy;
			containerPortal = F39F28E121613B54002E5ACE /* Project object */;
			proxyType = 1;
			remoteGlobalIDString = F39F28E821613B54002E5ACE;
			remoteInfo = Movies;
		};
		F39F290921613B55002E5ACE /* PBXContainerItemProxy */ = {
			isa = PBXContainerItemProxy;
			containerPortal = F39F28E121613B54002E5ACE /* Project object */;
			proxyType = 1;
			remoteGlobalIDString = F39F28E821613B54002E5ACE;
			remoteInfo = Movies;
		};
/* End PBXContainerItemProxy section */

/* Begin PBXFileReference section */
		F39F28E921613B54002E5ACE /* Movies.app */ = {isa = PBXFileReference; explicitFileType = wrapper.application; includeInIndex = 0; path = Movies.app; sourceTree = BUILT_PRODUCTS_DIR; };
		F39F28EC21613B54002E5ACE /* AppDelegate.swift */ = {isa = PBXFileReference; lastKnownFileType = sourcecode.swift; path = AppDelegate.swift; sourceTree = "<group>"; };
		F39F28EE21613B54002E5ACE /* ViewController.swift */ = {isa = PBXFileReference; lastKnownFileType = sourcecode.swift; path = ViewController.swift; sourceTree = "<group>"; };
		F39F28F121613B54002E5ACE /* Base */ = {isa = PBXFileReference; lastKnownFileType = file.storyboard; name = Base; path = Base.lproj/Main.storyboard; sourceTree = "<group>"; };
		F39F28F321613B54002E5ACE /* Assets.xcassets */ = {isa = PBXFileReference; lastKnownFileType = folder.assetcatalog; path = Assets.xcassets; sourceTree = "<group>"; };
		F39F28F621613B55002E5ACE /* Base */ = {isa = PBXFileReference; lastKnownFileType = file.storyboard; name = Base; path = Base.lproj/LaunchScreen.storyboard; sourceTree = "<group>"; };
		F39F28F821613B55002E5ACE /* Info.plist */ = {isa = PBXFileReference; lastKnownFileType = text.plist.xml; path = Info.plist; sourceTree = "<group>"; };
		F39F28FD21613B55002E5ACE /* MoviesTests.xctest */ = {isa = PBXFileReference; explicitFileType = wrapper.cfbundle; includeInIndex = 0; path = MoviesTests.xctest; sourceTree = BUILT_PRODUCTS_DIR; };
		F39F290121613B55002E5ACE /* MoviesTests.swift */ = {isa = PBXFileReference; lastKnownFileType = sourcecode.swift; path = MoviesTests.swift; sourceTree = "<group>"; };
		F39F290321613B55002E5ACE /* Info.plist */ = {isa = PBXFileReference; lastKnownFileType = text.plist.xml; path = Info.plist; sourceTree = "<group>"; };
		F39F290821613B55002E5ACE /* MoviesUITests.xctest */ = {isa = PBXFileReference; explicitFileType = wrapper.cfbundle; includeInIndex = 0; path = MoviesUITests.xctest; sourceTree = BUILT_PRODUCTS_DIR; };
		F39F290C21613B55002E5ACE /* MoviesUITests.swift */ = {isa = PBXFileReference; lastKnownFileType = sourcecode.swift; path = MoviesUITests.swift; sourceTree = "<group>"; };
		F39F290E21613B55002E5ACE /* Info.plist */ = {isa = PBXFileReference; lastKnownFileType = text.plist.xml; path = Info.plist; sourceTree = "<group>"; };
/* End PBXFileReference section */

/* Begin PBXFrameworksBuildPhase section */
		F39F28E621613B54002E5ACE /* Frameworks */ = {
			isa = PBXFrameworksBuildPhase;
			buildActionMask = 2147483647;
			files = (
			);
			runOnlyForDeploymentPostprocessing = 0;
		};
		F39F28FA21613B55002E5ACE /* Frameworks */ = {
			isa = PBXFrameworksBuildPhase;
			buildActionMask = 2147483647;
			files = (
			);
			runOnlyForDeploymentPostprocessing = 0;
		};
		F39F290521613B55002E5ACE /* Frameworks */ = {
			isa = PBXFrameworksBuildPhase;
			buildActionMask = 2147483647;
			files = (
			);
			runOnlyForDeploymentPostprocessing = 0;
		};
/* End PBXFrameworksBuildPhase section */

/* Begin PBXGroup section */
		F39F28E021613B54002E5ACE = {
			isa = PBXGroup;
			children = (
				F39F28EB21613B54002E5ACE /* Movies */,
				F39F290021613B55002E5ACE /* MoviesTests */,
				F39F290B21613B55002E5ACE /* MoviesUITests */,
				F39F28EA21613B54002E5ACE /* Products */,
			);
			sourceTree = "<group>";
		};
		F39F28EA21613B54002E5ACE /* Products */ = {
			isa = PBXGroup;
			children = (
				F39F28E921613B54002E5ACE /* Movies.app */,
				F39F28FD21613B55002E5ACE /* MoviesTests.xctest */,
				F39F290821613B55002E5ACE /* MoviesUITests.xctest */,
			);
			name = Products;
			sourceTree = "<group>";
		};
		F39F28EB21613B54002E5ACE /* Movies */ = {
			isa = PBXGroup;
			children = (
				F39F28EC21613B54002E5ACE /* AppDelegate.swift */,
				F39F28EE21613B54002E5ACE /* ViewController.swift */,
				F39F28F021613B54002E5ACE /* Main.storyboard */,
				F39F28F321613B54002E5ACE /* Assets.xcassets */,
				F39F28F521613B55002E5ACE /* LaunchScreen.storyboard */,
				F39F28F821613B55002E5ACE /* Info.plist */,
			);
			path = Movies;
			sourceTree = "<group>";
		};
		F39F290021613B55002E5ACE /* MoviesTests */ = {
			isa = PBXGroup;
			children = (
				F39F290121613B55002E5ACE /* MoviesTests.swift */,
				F39F290321613B55002E5ACE /* Info.plist */,
			);
			path = MoviesTests;
			sourceTree = "<group>";
		};
		F39F290B21613B55002E5ACE /* MoviesUITests */ = {
			isa = PBXGroup;
			children = (
				F39F290C21613B55002E5ACE /* MoviesUITests.swift */,
				F39F290E21613B55002E5ACE /* Info.plist */,
			);
			path = MoviesUITests;
			sourceTree = "<group>";
		};
/* End PBXGroup section */

/* Begin PBXNativeTarget section */
		F39F28E821613B54002E5ACE /* Movies */ = {
			isa = PBXNativeTarget;
			buildConfigurationList = F39F291121613B55002E5ACE /* Build configuration list for PBXNativeTarget "Movies" */;
			buildPhases = (
				F39F28E521613B54002E5ACE /* Sources */,
				F39F28E621613B54002E5ACE /* Frameworks */,
				F39F28E721613B54002E5ACE /* Resources */,
			);
			buildRules = (
			);
			dependencies = (
			);
			name = Movies;
			productName = Movies;
			productReference = F39F28E921613B54002E5ACE /* Movies.app */;
			productType = "com.apple.product-type.application";
		};
		F39F28FC21613B55002E5ACE /* MoviesTests */ = {
			isa = PBXNativeTarget;
			buildConfigurationList = F39F291421613B55002E5ACE /* Build configuration list for PBXNativeTarget "MoviesTests" */;
			buildPhases = (
				F39F28F921613B55002E5ACE /* Sources */,
				F39F28FA21613B55002E5ACE /* Frameworks */,
				F39F28FB21613B55002E5ACE /* Resources */,
			);
			buildRules = (
			);
			dependencies = (
				F39F28FF21613B55002E5ACE /* PBXTargetDependency */,
			);
			name = MoviesTests;
			productName = MoviesTests;
			productReference = F39F28FD21613B55002E5ACE /* MoviesTests.xctest */;
			productType = "com.apple.product-type.bundle.unit-test";
		};
		F39F290721613B55002E5ACE /* MoviesUITests */ = {
			isa = PBXNativeTarget;
			buildConfigurationList = F39F291721613B55002E5ACE /* Build configuration list for PBXNativeTarget "MoviesUITests" */;
			buildPhases = (
				F39F290421613B55002E5ACE /* Sources */,
				F39F290521613B55002E5ACE /* Frameworks */,
				F39F290621613B55002E5ACE /* Resources */,
			);
			buildRules = (
			);
			dependencies = (
				F39F290A21613B55002E5ACE /* PBXTargetDependency */,
			);
			name = MoviesUITests;
			productName = MoviesUITests;
			productReference = F39F290821613B55002E5ACE /* MoviesUITests.xctest */;
			productType = "com.apple.product-type.bundle.ui-testing";
		};
/* End PBXNativeTarget section */

/* Begin PBXProject section */
		F39F28E121613B54002E5ACE /* Project object */ = {
			isa = PBXProject;
			attributes = {
				LastSwiftUpdateCheck = 1000;
				LastUpgradeCheck = 1000;
				ORGANIZATIONNAME = "Andrea Spinazzola";
				TargetAttributes = {
					F39F28E821613B54002E5ACE = {
						CreatedOnToolsVersion = 10.0;
					};
					F39F28FC21613B55002E5ACE = {
						CreatedOnToolsVersion = 10.0;
						TestTargetID = F39F28E821613B54002E5ACE;
					};
					F39F290721613B55002E5ACE = {
						CreatedOnToolsVersion = 10.0;
						TestTargetID = F39F28E821613B54002E5ACE;
					};
				};
			};
			buildConfigurationList = F39F28E421613B54002E5ACE /* Build configuration list for PBXProject "Movies" */;
			compatibilityVersion = "Xcode 9.3";
			developmentRegion = en;
			hasScannedForEncodings = 0;
			knownRegions = (
				en,
				Base,
			);
			mainGroup = F39F28E021613B54002E5ACE;
			productRefGroup = F39F28EA21613B54002E5ACE /* Products */;
			projectDirPath = "";
			projectRoot = "";
			targets = (
				F39F28E821613B54002E5ACE /* Movies */,
				F39F28FC21613B55002E5ACE /* MoviesTests */,
				F39F290721613B55002E5ACE /* MoviesUITests */,
			);
		};
/* End PBXProject section */

/* Begin PBXResourcesBuildPhase section */
		F39F28E721613B54002E5ACE /* Resources */ = {
			isa = PBXResourcesBuildPhase;
			buildActionMask = 2147483647;
			files = (
				F39F28F721613B55002E5ACE /* LaunchScreen.storyboard in Resources */,
				F39F28F421613B54002E5ACE /* Assets.xcassets in Resources */,
				F39F28F221613B54002E5ACE /* Main.storyboard in Resources */,
			);
			runOnlyForDeploymentPostprocessing = 0;
		};
		F39F28FB21613B55002E5ACE /* Resources */ = {
			isa = PBXResourcesBuildPhase;
			buildActionMask = 2147483647;
			files = (
			);
			runOnlyForDeploymentPostprocessing = 0;
		};
		F39F290621613B55002E5ACE /* Resources */ = {
			isa = PBXResourcesBuildPhase;
			buildActionMask = 2147483647;
			files = (
			);
			runOnlyForDeploymentPostprocessing = 0;
		};
/* End PBXResourcesBuildPhase section */

/* Begin PBXSourcesBuildPhase section */
		F39F28E521613B54002E5ACE /* Sources */ = {
			isa = PBXSourcesBuildPhase;
			buildActionMask = 2147483647;
			files = (
				F39F28EF21613B54002E5ACE /* ViewController.swift in Sources */,
				F39F28ED21613B54002E5ACE /* AppDelegate.swift in Sources */,
			);
			runOnlyForDeploymentPostprocessing = 0;
		};
		F39F28F921613B55002E5ACE /* Sources */ = {
			isa = PBXSourcesBuildPhase;
			buildActionMask = 2147483647;
			files = (
				F39F290221613B55002E5ACE /* MoviesTests.swift in Sources */,
			);
			runOnlyForDeploymentPostprocessing = 0;
		};
		F39F290421613B55002E5ACE /* Sources */ = {
			isa = PBXSourcesBuildPhase;
			buildActionMask = 2147483647;
			files = (
				F39F290D21613B55002E5ACE /* MoviesUITests.swift in Sources */,
			);
			runOnlyForDeploymentPostprocessing = 0;
		};
/* End PBXSourcesBuildPhase section */

/* Begin PBXTargetDependency section */
		F39F28FF21613B55002E5ACE /* PBXTargetDependency */ = {
			isa = PBXTargetDependency;
			target = F39F28E821613B54002E5ACE /* Movies */;
			targetProxy = F39F28FE21613B55002E5ACE /* PBXContainerItemProxy */;
		};
		F39F290A21613B55002E5ACE /* PBXTargetDependency */ = {
			isa = PBXTargetDependency;
			target = F39F28E821613B54002E5ACE /* Movies */;
			targetProxy = F39F290921613B55002E5ACE /* PBXContainerItemProxy */;
		};
/* End PBXTargetDependency section */

/* Begin PBXVariantGroup section */
		F39F28F021613B54002E5ACE /* Main.storyboard */ = {
			isa = PBXVariantGroup;
			children = (
				F39F28F121613B54002E5ACE /* Base */,
			);
			name = Main.storyboard;
			sourceTree = "<group>";
		};
		F39F28F521613B55002E5ACE /* LaunchScreen.storyboard */ = {
			isa = PBXVariantGroup;
			children = (
				F39F28F621613B55002E5ACE /* Base */,
			);
			name = LaunchScreen.storyboard;
			sourceTree = "<group>";
		};
/* End PBXVariantGroup section */

/* Begin XCBuildConfiguration section */
		F39F290F21613B55002E5ACE /* Debug */ = {
			isa = XCBuildConfiguration;
			buildSettings = {
				ALWAYS_SEARCH_USER_PATHS = NO;
				CLANG_ANALYZER_NONNULL = YES;
				CLANG_ANALYZER_NUMBER_OBJECT_CONVERSION = YES_AGGRESSIVE;
				CLANG_CXX_LANGUAGE_STANDARD = "gnu++14";
				CLANG_CXX_LIBRARY = "libc++";
				CLANG_ENABLE_MODULES = YES;
				CLANG_ENABLE_OBJC_ARC = YES;
				CLANG_ENABLE_OBJC_WEAK = YES;
				CLANG_WARN_BLOCK_CAPTURE_AUTORELEASING = YES;
				CLANG_WARN_BOOL_CONVERSION = YES;
				CLANG_WARN_COMMA = YES;
				CLANG_WARN_CONSTANT_CONVERSION = YES;
				CLANG_WARN_DEPRECATED_OBJC_IMPLEMENTATIONS = YES;
				CLANG_WARN_DIRECT_OBJC_ISA_USAGE = YES_ERROR;
				CLANG_WARN_DOCUMENTATION_COMMENTS = YES;
				CLANG_WARN_EMPTY_BODY = YES;
				CLANG_WARN_ENUM_CONVERSION = YES;
				CLANG_WARN_INFINITE_RECURSION = YES;
				CLANG_WARN_INT_CONVERSION = YES;
				CLANG_WARN_NON_LITERAL_NULL_CONVERSION = YES;
				CLANG_WARN_OBJC_IMPLICIT_RETAIN_SELF = YES;
				CLANG_WARN_OBJC_LITERAL_CONVERSION = YES;
				CLANG_WARN_OBJC_ROOT_CLASS = YES_ERROR;
				CLANG_WARN_RANGE_LOOP_ANALYSIS = YES;
				CLANG_WARN_STRICT_PROTOTYPES = YES;
				CLANG_WARN_SUSPICIOUS_MOVE = YES;
				CLANG_WARN_UNGUARDED_AVAILABILITY = YES_AGGRESSIVE;
				CLANG_WARN_UNREACHABLE_CODE = YES;
				CLANG_WARN__DUPLICATE_METHOD_MATCH = YES;
				CODE_SIGN_IDENTITY = "iPhone Developer";
				COPY_PHASE_STRIP = NO;
				DEBUG_INFORMATION_FORMAT = dwarf;
				ENABLE_STRICT_OBJC_MSGSEND = YES;
				ENABLE_TESTABILITY = YES;
				GCC_C_LANGUAGE_STANDARD = gnu11;
				GCC_DYNAMIC_NO_PIC = NO;
				GCC_NO_COMMON_BLOCKS = YES;
				GCC_OPTIMIZATION_LEVEL = 0;
				GCC_PREPROCESSOR_DEFINITIONS = (
					"DEBUG=1",
					"$(inherited)",
				);
				GCC_WARN_64_TO_32_BIT_CONVERSION = YES;
				GCC_WARN_ABOUT_RETURN_TYPE = YES_ERROR;
				GCC_WARN_UNDECLARED_SELECTOR = YES;
				GCC_WARN_UNINITIALIZED_AUTOS = YES_AGGRESSIVE;
				GCC_WARN_UNUSED_FUNCTION = YES;
				GCC_WARN_UNUSED_VARIABLE = YES;
				IPHONEOS_DEPLOYMENT_TARGET = 12.0;
				MTL_ENABLE_DEBUG_INFO = INCLUDE_SOURCE;
				MTL_FAST_MATH = YES;
				ONLY_ACTIVE_ARCH = YES;
				SDKROOT = iphoneos;
				SWIFT_ACTIVE_COMPILATION_CONDITIONS = DEBUG;
				SWIFT_OPTIMIZATION_LEVEL = "-Onone";
			};
			name = Debug;
		};
		F39F291021613B55002E5ACE /* Release */ = {
			isa = XCBuildConfiguration;
			buildSettings = {
				ALWAYS_SEARCH_USER_PATHS = NO;
				CLANG_ANALYZER_NONNULL = YES;
				CLANG_ANALYZER_NUMBER_OBJECT_CONVERSION = YES_AGGRESSIVE;
				CLANG_CXX_LANGUAGE_STANDARD = "gnu++14";
				CLANG_CXX_LIBRARY = "libc++";
				CLANG_ENABLE_MODULES = YES;
				CLANG_ENABLE_OBJC_ARC = YES;
				CLANG_ENABLE_OBJC_WEAK = YES;
				CLANG_WARN_BLOCK_CAPTURE_AUTORELEASING = YES;
				CLANG_WARN_BOOL_CONVERSION = YES;
				CLANG_WARN_COMMA = YES;
				CLANG_WARN_CONSTANT_CONVERSION = YES;
				CLANG_WARN_DEPRECATED_OBJC_IMPLEMENTATIONS = YES;
				CLANG_WARN_DIRECT_OBJC_ISA_USAGE = YES_ERROR;
				CLANG_WARN_DOCUMENTATION_COMMENTS = YES;
				CLANG_WARN_EMPTY_BODY = YES;
				CLANG_WARN_ENUM_CONVERSION = YES;
				CLANG_WARN_INFINITE_RECURSION = YES;
				CLANG_WARN_INT_CONVERSION = YES;
				CLANG_WARN_NON_LITERAL_NULL_CONVERSION = YES;
				CLANG_WARN_OBJC_IMPLICIT_RETAIN_SELF = YES;
				CLANG_WARN_OBJC_LITERAL_CONVERSION = YES;
				CLANG_WARN_OBJC_ROOT_CLASS = YES_ERROR;
				CLANG_WARN_RANGE_LOOP_ANALYSIS = YES;
				CLANG_WARN_STRICT_PROTOTYPES = YES;
				CLANG_WARN_SUSPICIOUS_MOVE = YES;
				CLANG_WARN_UNGUARDED_AVAILABILITY = YES_AGGRESSIVE;
				CLANG_WARN_UNREACHABLE_CODE = YES;
				CLANG_WARN__DUPLICATE_METHOD_MATCH = YES;
				CODE_SIGN_IDENTITY = "iPhone Developer";
				COPY_PHASE_STRIP = NO;
				DEBUG_INFORMATION_FORMAT = "dwarf-with-dsym";
				ENABLE_NS_ASSERTIONS = NO;
				ENABLE_STRICT_OBJC_MSGSEND = YES;
				GCC_C_LANGUAGE_STANDARD = gnu11;
				GCC_NO_COMMON_BLOCKS = YES;
				GCC_WARN_64_TO_32_BIT_CONVERSION = YES;
				GCC_WARN_ABOUT_RETURN_TYPE = YES_ERROR;
				GCC_WARN_UNDECLARED_SELECTOR = YES;
				GCC_WARN_UNINITIALIZED_AUTOS = YES_AGGRESSIVE;
				GCC_WARN_UNUSED_FUNCTION = YES;
				GCC_WARN_UNUSED_VARIABLE = YES;
				IPHONEOS_DEPLOYMENT_TARGET = 12.0;
				MTL_ENABLE_DEBUG_INFO = NO;
				MTL_FAST_MATH = YES;
				SDKROOT = iphoneos;
				SWIFT_COMPILATION_MODE = wholemodule;
				SWIFT_OPTIMIZATION_LEVEL = "-O";
				VALIDATE_PRODUCT = YES;
			};
			name = Release;
		};
		F39F291221613B55002E5ACE /* Debug */ = {
			isa = XCBuildConfiguration;
			buildSettings = {
				ASSETCATALOG_COMPILER_APPICON_NAME = AppIcon;
				CODE_SIGN_STYLE = Automatic;
				DEVELOPMENT_TEAM = 724A6UXDS8;
				INFOPLIST_FILE = Movies/Info.plist;
				LD_RUNPATH_SEARCH_PATHS = (
					"$(inherited)",
					"@executable_path/Frameworks",
				);
				PRODUCT_BUNDLE_IDENTIFIER = andreaspinazzola.Movies;
				PRODUCT_NAME = "$(TARGET_NAME)";
				SWIFT_VERSION = 4.2;
				TARGETED_DEVICE_FAMILY = "1,2";
			};
			name = Debug;
		};
		F39F291321613B55002E5ACE /* Release */ = {
			isa = XCBuildConfiguration;
			buildSettings = {
				ASSETCATALOG_COMPILER_APPICON_NAME = AppIcon;
				CODE_SIGN_STYLE = Automatic;
				DEVELOPMENT_TEAM = 724A6UXDS8;
				INFOPLIST_FILE = Movies/Info.plist;
				LD_RUNPATH_SEARCH_PATHS = (
					"$(inherited)",
					"@executable_path/Frameworks",
				);
				PRODUCT_BUNDLE_IDENTIFIER = andreaspinazzola.Movies;
				PRODUCT_NAME = "$(TARGET_NAME)";
				SWIFT_VERSION = 4.2;
				TARGETED_DEVICE_FAMILY = "1,2";
			};
			name = Release;
		};
		F39F291521613B55002E5ACE /* Debug */ = {
			isa = XCBuildConfiguration;
			buildSettings = {
				ALWAYS_EMBED_SWIFT_STANDARD_LIBRARIES = YES;
				BUNDLE_LOADER = "$(TEST_HOST)";
				CODE_SIGN_STYLE = Automatic;
				DEVELOPMENT_TEAM = 724A6UXDS8;
				INFOPLIST_FILE = MoviesTests/Info.plist;
				LD_RUNPATH_SEARCH_PATHS = (
					"$(inherited)",
					"@executable_path/Frameworks",
					"@loader_path/Frameworks",
				);
				PRODUCT_BUNDLE_IDENTIFIER = andreaspinazzola.MoviesTests;
				PRODUCT_NAME = "$(TARGET_NAME)";
				SWIFT_VERSION = 4.2;
				TARGETED_DEVICE_FAMILY = "1,2";
				TEST_HOST = "$(BUILT_PRODUCTS_DIR)/Movies.app/Movies";
			};
			name = Debug;
		};
		F39F291621613B55002E5ACE /* Release */ = {
			isa = XCBuildConfiguration;
			buildSettings = {
				ALWAYS_EMBED_SWIFT_STANDARD_LIBRARIES = YES;
				BUNDLE_LOADER = "$(TEST_HOST)";
				CODE_SIGN_STYLE = Automatic;
				DEVELOPMENT_TEAM = 724A6UXDS8;
				INFOPLIST_FILE = MoviesTests/Info.plist;
				LD_RUNPATH_SEARCH_PATHS = (
					"$(inherited)",
					"@executable_path/Frameworks",
					"@loader_path/Frameworks",
				);
				PRODUCT_BUNDLE_IDENTIFIER = andreaspinazzola.MoviesTests;
				PRODUCT_NAME = "$(TARGET_NAME)";
				SWIFT_VERSION = 4.2;
				TARGETED_DEVICE_FAMILY = "1,2";
				TEST_HOST = "$(BUILT_PRODUCTS_DIR)/Movies.app/Movies";
			};
			name = Release;
		};
		F39F291821613B55002E5ACE /* Debug */ = {
			isa = XCBuildConfiguration;
			buildSettings = {
				ALWAYS_EMBED_SWIFT_STANDARD_LIBRARIES = YES;
				CODE_SIGN_STYLE = Automatic;
				DEVELOPMENT_TEAM = 724A6UXDS8;
				INFOPLIST_FILE = MoviesUITests/Info.plist;
				LD_RUNPATH_SEARCH_PATHS = (
					"$(inherited)",
					"@executable_path/Frameworks",
					"@loader_path/Frameworks",
				);
				PRODUCT_BUNDLE_IDENTIFIER = andreaspinazzola.MoviesUITests;
				PRODUCT_NAME = "$(TARGET_NAME)";
				SWIFT_VERSION = 4.2;
				TARGETED_DEVICE_FAMILY = "1,2";
				TEST_TARGET_NAME = Movies;
			};
			name = Debug;
		};
		F39F291921613B55002E5ACE /* Release */ = {
			isa = XCBuildConfiguration;
			buildSettings = {
				ALWAYS_EMBED_SWIFT_STANDARD_LIBRARIES = YES;
				CODE_SIGN_STYLE = Automatic;
				DEVELOPMENT_TEAM = 724A6UXDS8;
				INFOPLIST_FILE = MoviesUITests/Info.plist;
				LD_RUNPATH_SEARCH_PATHS = (
					"$(inherited)",
					"@executable_path/Frameworks",
					"@loader_path/Frameworks",
				);
				PRODUCT_BUNDLE_IDENTIFIER = andreaspinazzola.MoviesUITests;
				PRODUCT_NAME = "$(TARGET_NAME)";
				SWIFT_VERSION = 4.2;
				TARGETED_DEVICE_FAMILY = "1,2";
				TEST_TARGET_NAME = Movies;
			};
			name = Release;
		};
/* End XCBuildConfiguration section */

/* Begin XCConfigurationList section */
		F39F28E421613B54002E5ACE /* Build configuration list for PBXProject "Movies" */ = {
			isa = XCConfigurationList;
			buildConfigurations = (
				F39F290F21613B55002E5ACE /* Debug */,
				F39F291021613B55002E5ACE /* Release */,
			);
			defaultConfigurationIsVisible = 0;
			defaultConfigurationName = Release;
		};
		F39F291121613B55002E5ACE /* Build configuration list for PBXNativeTarget "Movies" */ = {
			isa = XCConfigurationList;
			buildConfigurations = (
				F39F291221613B55002E5ACE /* Debug */,
				F39F291321613B55002E5ACE /* Release */,
			);
			defaultConfigurationIsVisible = 0;
			defaultConfigurationName = Release;
		};
		F39F291421613B55002E5ACE /* Build configuration list for PBXNativeTarget "MoviesTests" */ = {
			isa = XCConfigurationList;
			buildConfigurations = (
				F39F291521613B55002E5ACE /* Debug */,
				F39F291621613B55002E5ACE /* Release */,
			);
			defaultConfigurationIsVisible = 0;
			defaultConfigurationName = Release;
		};
		F39F291721613B55002E5ACE /* Build configuration list for PBXNativeTarget "MoviesUITests" */ = {
			isa = XCConfigurationList;
			buildConfigurations = (
				F39F291821613B55002E5ACE /* Debug */,
				F39F291921613B55002E5ACE /* Release */,
			);
			defaultConfigurationIsVisible = 0;
			defaultConfigurationName = Release;
		};
/* End XCConfigurationList section */
	};
	rootObject = F39F28E121613B54002E5ACE /* Project object */;
}
